
Microsoft Visual Studio Solution File, Format Version 12.00
# Visual Studio Version 17
VisualStudioVersion = 17.14.36310.24 d17.14
MinimumVisualStudioVersion = 10.0.40219.1
Project("{FAE04EC0-301F-11D3-BF4B-00C04F79EFBC}") = "app", "app\app.csproj", "{BFEE9BDA-7C02-47DF-BBA9-1E59C5D60E48}"
EndProject
Global
	GlobalSection(SolutionConfigurationPlatforms) = preSolution
		Debug|Any CPU = Debug|Any CPU
		Release|Any CPU = Release|Any CPU
	EndGlobalSection
	GlobalSection(ProjectConfigurationPlatforms) = postSolution
		{BFEE9BDA-7C02-47DF-BBA9-1E59C5D60E48}.Debug|Any CPU.ActiveCfg = Debug|Any CPU
		{BFEE9BDA-7C02-47DF-BBA9-1E59C5D60E48}.Debug|Any CPU.Build.0 = Debug|Any CPU
		{BFEE9BDA-7C02-47DF-BBA9-1E59C5D60E48}.Release|Any CPU.ActiveCfg = Release|Any CPU
		{BFEE9BDA-7C02-47DF-BBA9-1E59C5D60E48}.Release|Any CPU.Build.0 = Release|Any CPU
	EndGlobalSection
	GlobalSection(SolutionProperties) = preSolution
		HideSolutionNode = FALSE
	EndGlobalSection
	GlobalSection(ExtensibilityGlobals) = postSolution
		SolutionGuid = {6C55E648-A428-4163-BA18-C36C9DE82303}
	EndGlobalSection
EndGlobal
